// !$*UTF8*$!
{
	archiveVersion = 1;
	classes = {
	};
	objectVersion = 51;
	objects = {

/* Begin PBXBuildFile section */
		2E2D855E2555BB4C00E8EE3C /* tool_bar.swift in Sources */ = {isa = PBXBuildFile; fileRef = 2E2D855D2555BB4C00E8EE3C /* tool_bar.swift */; };
		87E7285B28185DAB2705D0AB /* Pods_coalayTests.framework in Frameworks */ = {isa = PBXBuildFile; fileRef = B82D03B8D15C8B31A2019533 /* Pods_coalayTests.framework */; };
		A92B90B409BC62252625785C /* Pods_coalay_coalayUITests.framework in Frameworks */ = {isa = PBXBuildFile; fileRef = 8939FAB76147EB4506BA7CE7 /* Pods_coalay_coalayUITests.framework */; };
		E62E4FBD0580CEBF0780D44A /* Pods_coalay.framework in Frameworks */ = {isa = PBXBuildFile; fileRef = 72224B1F98F2AFBC547AFAC6 /* Pods_coalay.framework */; };
		FF04814525557E44000FDD68 /* chatgrpc.grpc.swift in Sources */ = {isa = PBXBuildFile; fileRef = FF04814325557E43000FDD68 /* chatgrpc.grpc.swift */; };
		FF04814625557E44000FDD68 /* chatgrpc.pb.swift in Sources */ = {isa = PBXBuildFile; fileRef = FF04814425557E43000FDD68 /* chatgrpc.pb.swift */; };
		FF04814A255580B3000FDD68 /* ChatViewModel.swift in Sources */ = {isa = PBXBuildFile; fileRef = FF048149255580B3000FDD68 /* ChatViewModel.swift */; };
		FF04814C2555A6CD000FDD68 /* State.swift in Sources */ = {isa = PBXBuildFile; fileRef = FF04814B2555A6CD000FDD68 /* State.swift */; };
		FF04814F2555A963000FDD68 /* Icon.swift in Sources */ = {isa = PBXBuildFile; fileRef = FF04814E2555A963000FDD68 /* Icon.swift */; };
		FF0481512555A9AB000FDD68 /* gradation.swift in Sources */ = {isa = PBXBuildFile; fileRef = FF0481502555A9AB000FDD68 /* gradation.swift */; };
		FF0481572555B4EC000FDD68 /* Home.swift in Sources */ = {isa = PBXBuildFile; fileRef = FF0481562555B4EC000FDD68 /* Home.swift */; };
		FF0481592555B524000FDD68 /* HostHome.swift in Sources */ = {isa = PBXBuildFile; fileRef = FF0481582555B524000FDD68 /* HostHome.swift */; };
		FF04815D2555B54C000FDD68 /* GestHome.swift in Sources */ = {isa = PBXBuildFile; fileRef = FF04815C2555B54C000FDD68 /* GestHome.swift */; };
		FF0481612555B5B0000FDD68 /* HostStarted.swift in Sources */ = {isa = PBXBuildFile; fileRef = FF0481602555B5B0000FDD68 /* HostStarted.swift */; };
		FF0481632555B5BF000FDD68 /* GuestStarted.swift in Sources */ = {isa = PBXBuildFile; fileRef = FF0481622555B5BF000FDD68 /* GuestStarted.swift */; };
		FF0481652555BE5D000FDD68 /* TransparentWindow.swift in Sources */ = {isa = PBXBuildFile; fileRef = FF0481642555BE5D000FDD68 /* TransparentWindow.swift */; };
		FF0481682555C318000FDD68 /* OpaqueWindow.swift in Sources */ = {isa = PBXBuildFile; fileRef = FF0481672555C318000FDD68 /* OpaqueWindow.swift */; };
		FF04816A2555CB9C000FDD68 /* Setting.swift in Sources */ = {isa = PBXBuildFile; fileRef = FF0481692555CB9C000FDD68 /* Setting.swift */; };
		FF8946C1254E0015009D29AA /* AppDelegate.swift in Sources */ = {isa = PBXBuildFile; fileRef = FF8946C0254E0015009D29AA /* AppDelegate.swift */; };
		FF8946C3254E0015009D29AA /* ContentView.swift in Sources */ = {isa = PBXBuildFile; fileRef = FF8946C2254E0015009D29AA /* ContentView.swift */; };
		FF8946C5254E0018009D29AA /* Assets.xcassets in Resources */ = {isa = PBXBuildFile; fileRef = FF8946C4254E0018009D29AA /* Assets.xcassets */; };
		FF8946C8254E0018009D29AA /* Preview Assets.xcassets in Resources */ = {isa = PBXBuildFile; fileRef = FF8946C7254E0018009D29AA /* Preview Assets.xcassets */; };
		FF8946CB254E0018009D29AA /* Main.storyboard in Resources */ = {isa = PBXBuildFile; fileRef = FF8946C9254E0018009D29AA /* Main.storyboard */; };
		FF8946D7254E0019009D29AA /* coalayTests.swift in Sources */ = {isa = PBXBuildFile; fileRef = FF8946D6254E0019009D29AA /* coalayTests.swift */; };
		FF8946E2254E0019009D29AA /* coalayUITests.swift in Sources */ = {isa = PBXBuildFile; fileRef = FF8946E1254E0019009D29AA /* coalayUITests.swift */; };
/* End PBXBuildFile section */

/* Begin PBXContainerItemProxy section */
		FF8946D3254E0019009D29AA /* PBXContainerItemProxy */ = {
			isa = PBXContainerItemProxy;
			containerPortal = FF8946B5254E0015009D29AA /* Project object */;
			proxyType = 1;
			remoteGlobalIDString = FF8946BC254E0015009D29AA;
			remoteInfo = coalay;
		};
		FF8946DE254E0019009D29AA /* PBXContainerItemProxy */ = {
			isa = PBXContainerItemProxy;
			containerPortal = FF8946B5254E0015009D29AA /* Project object */;
			proxyType = 1;
			remoteGlobalIDString = FF8946BC254E0015009D29AA;
			remoteInfo = coalay;
		};
/* End PBXContainerItemProxy section */

/* Begin PBXFileReference section */
		2E2D855D2555BB4C00E8EE3C /* tool_bar.swift */ = {isa = PBXFileReference; lastKnownFileType = sourcecode.swift; path = tool_bar.swift; sourceTree = "<group>"; };
		46C4EE0B3A777B0B5941D35C /* Pods-coalayTests.debug.xcconfig */ = {isa = PBXFileReference; includeInIndex = 1; lastKnownFileType = text.xcconfig; name = "Pods-coalayTests.debug.xcconfig"; path = "Target Support Files/Pods-coalayTests/Pods-coalayTests.debug.xcconfig"; sourceTree = "<group>"; };
		72224B1F98F2AFBC547AFAC6 /* Pods_coalay.framework */ = {isa = PBXFileReference; explicitFileType = wrapper.framework; includeInIndex = 0; path = Pods_coalay.framework; sourceTree = BUILT_PRODUCTS_DIR; };
		8939FAB76147EB4506BA7CE7 /* Pods_coalay_coalayUITests.framework */ = {isa = PBXFileReference; explicitFileType = wrapper.framework; includeInIndex = 0; path = Pods_coalay_coalayUITests.framework; sourceTree = BUILT_PRODUCTS_DIR; };
		9260BB2949D7980485F1C72C /* Pods-coalay-coalayUITests.release.xcconfig */ = {isa = PBXFileReference; includeInIndex = 1; lastKnownFileType = text.xcconfig; name = "Pods-coalay-coalayUITests.release.xcconfig"; path = "Target Support Files/Pods-coalay-coalayUITests/Pods-coalay-coalayUITests.release.xcconfig"; sourceTree = "<group>"; };
		A2265535514F101F4DF946CD /* Pods-coalay.debug.xcconfig */ = {isa = PBXFileReference; includeInIndex = 1; lastKnownFileType = text.xcconfig; name = "Pods-coalay.debug.xcconfig"; path = "Target Support Files/Pods-coalay/Pods-coalay.debug.xcconfig"; sourceTree = "<group>"; };
		A7612A333C34EF7296AA0623 /* Pods-coalayTests.release.xcconfig */ = {isa = PBXFileReference; includeInIndex = 1; lastKnownFileType = text.xcconfig; name = "Pods-coalayTests.release.xcconfig"; path = "Target Support Files/Pods-coalayTests/Pods-coalayTests.release.xcconfig"; sourceTree = "<group>"; };
		B7B419729DF33A1326477DEA /* Pods-coalay-coalayUITests.debug.xcconfig */ = {isa = PBXFileReference; includeInIndex = 1; lastKnownFileType = text.xcconfig; name = "Pods-coalay-coalayUITests.debug.xcconfig"; path = "Target Support Files/Pods-coalay-coalayUITests/Pods-coalay-coalayUITests.debug.xcconfig"; sourceTree = "<group>"; };
		B82D03B8D15C8B31A2019533 /* Pods_coalayTests.framework */ = {isa = PBXFileReference; explicitFileType = wrapper.framework; includeInIndex = 0; path = Pods_coalayTests.framework; sourceTree = BUILT_PRODUCTS_DIR; };
		F3C9DCAC6902242C9F3351DF /* Pods-coalay.release.xcconfig */ = {isa = PBXFileReference; includeInIndex = 1; lastKnownFileType = text.xcconfig; name = "Pods-coalay.release.xcconfig"; path = "Target Support Files/Pods-coalay/Pods-coalay.release.xcconfig"; sourceTree = "<group>"; };
		FF04814325557E43000FDD68 /* chatgrpc.grpc.swift */ = {isa = PBXFileReference; fileEncoding = 4; lastKnownFileType = sourcecode.swift; name = chatgrpc.grpc.swift; path = coalay/chatgrpc.grpc.swift; sourceTree = SOURCE_ROOT; };
		FF04814425557E43000FDD68 /* chatgrpc.pb.swift */ = {isa = PBXFileReference; fileEncoding = 4; lastKnownFileType = sourcecode.swift; name = chatgrpc.pb.swift; path = coalay/chatgrpc.pb.swift; sourceTree = SOURCE_ROOT; };
		FF048149255580B3000FDD68 /* ChatViewModel.swift */ = {isa = PBXFileReference; fileEncoding = 4; lastKnownFileType = sourcecode.swift; path = ChatViewModel.swift; sourceTree = "<group>"; };
		FF04814B2555A6CD000FDD68 /* State.swift */ = {isa = PBXFileReference; lastKnownFileType = sourcecode.swift; path = State.swift; sourceTree = "<group>"; };
		FF04814E2555A963000FDD68 /* Icon.swift */ = {isa = PBXFileReference; lastKnownFileType = sourcecode.swift; path = Icon.swift; sourceTree = "<group>"; };
		FF0481502555A9AB000FDD68 /* gradation.swift */ = {isa = PBXFileReference; lastKnownFileType = sourcecode.swift; path = gradation.swift; sourceTree = "<group>"; };
		FF0481562555B4EC000FDD68 /* Home.swift */ = {isa = PBXFileReference; lastKnownFileType = sourcecode.swift; path = Home.swift; sourceTree = "<group>"; };
		FF0481582555B524000FDD68 /* HostHome.swift */ = {isa = PBXFileReference; lastKnownFileType = sourcecode.swift; path = HostHome.swift; sourceTree = "<group>"; };
		FF04815C2555B54C000FDD68 /* GestHome.swift */ = {isa = PBXFileReference; lastKnownFileType = sourcecode.swift; path = GestHome.swift; sourceTree = "<group>"; };
		FF0481602555B5B0000FDD68 /* HostStarted.swift */ = {isa = PBXFileReference; lastKnownFileType = sourcecode.swift; path = HostStarted.swift; sourceTree = "<group>"; };
		FF0481622555B5BF000FDD68 /* GuestStarted.swift */ = {isa = PBXFileReference; lastKnownFileType = sourcecode.swift; path = GuestStarted.swift; sourceTree = "<group>"; };
		FF0481642555BE5D000FDD68 /* TransparentWindow.swift */ = {isa = PBXFileReference; lastKnownFileType = sourcecode.swift; path = TransparentWindow.swift; sourceTree = "<group>"; };
		FF0481672555C318000FDD68 /* OpaqueWindow.swift */ = {isa = PBXFileReference; lastKnownFileType = sourcecode.swift; path = OpaqueWindow.swift; sourceTree = "<group>"; };
		FF0481692555CB9C000FDD68 /* Setting.swift */ = {isa = PBXFileReference; lastKnownFileType = sourcecode.swift; path = Setting.swift; sourceTree = "<group>"; };
		FF8946BD254E0015009D29AA /* coalay.app */ = {isa = PBXFileReference; explicitFileType = wrapper.application; includeInIndex = 0; path = coalay.app; sourceTree = BUILT_PRODUCTS_DIR; };
		FF8946C0254E0015009D29AA /* AppDelegate.swift */ = {isa = PBXFileReference; lastKnownFileType = sourcecode.swift; path = AppDelegate.swift; sourceTree = "<group>"; };
		FF8946C2254E0015009D29AA /* ContentView.swift */ = {isa = PBXFileReference; lastKnownFileType = sourcecode.swift; path = ContentView.swift; sourceTree = "<group>"; };
		FF8946C4254E0018009D29AA /* Assets.xcassets */ = {isa = PBXFileReference; lastKnownFileType = folder.assetcatalog; path = Assets.xcassets; sourceTree = "<group>"; };
		FF8946C7254E0018009D29AA /* Preview Assets.xcassets */ = {isa = PBXFileReference; lastKnownFileType = folder.assetcatalog; path = "Preview Assets.xcassets"; sourceTree = "<group>"; };
		FF8946CA254E0018009D29AA /* Base */ = {isa = PBXFileReference; lastKnownFileType = file.storyboard; name = Base; path = Base.lproj/Main.storyboard; sourceTree = "<group>"; };
		FF8946CC254E0018009D29AA /* Info.plist */ = {isa = PBXFileReference; lastKnownFileType = text.plist.xml; path = Info.plist; sourceTree = "<group>"; };
		FF8946CD254E0018009D29AA /* coalay.entitlements */ = {isa = PBXFileReference; lastKnownFileType = text.plist.entitlements; path = coalay.entitlements; sourceTree = "<group>"; };
		FF8946D2254E0019009D29AA /* coalayTests.xctest */ = {isa = PBXFileReference; explicitFileType = wrapper.cfbundle; includeInIndex = 0; path = coalayTests.xctest; sourceTree = BUILT_PRODUCTS_DIR; };
		FF8946D6254E0019009D29AA /* coalayTests.swift */ = {isa = PBXFileReference; lastKnownFileType = sourcecode.swift; path = coalayTests.swift; sourceTree = "<group>"; };
		FF8946D8254E0019009D29AA /* Info.plist */ = {isa = PBXFileReference; lastKnownFileType = text.plist.xml; path = Info.plist; sourceTree = "<group>"; };
		FF8946DD254E0019009D29AA /* coalayUITests.xctest */ = {isa = PBXFileReference; explicitFileType = wrapper.cfbundle; includeInIndex = 0; path = coalayUITests.xctest; sourceTree = BUILT_PRODUCTS_DIR; };
		FF8946E1254E0019009D29AA /* coalayUITests.swift */ = {isa = PBXFileReference; lastKnownFileType = sourcecode.swift; path = coalayUITests.swift; sourceTree = "<group>"; };
		FF8946E3254E0019009D29AA /* Info.plist */ = {isa = PBXFileReference; lastKnownFileType = text.plist.xml; path = Info.plist; sourceTree = "<group>"; };
/* End PBXFileReference section */

/* Begin PBXFrameworksBuildPhase section */
		FF8946BA254E0015009D29AA /* Frameworks */ = {
			isa = PBXFrameworksBuildPhase;
			buildActionMask = 2147483647;
			files = (
				E62E4FBD0580CEBF0780D44A /* Pods_coalay.framework in Frameworks */,
			);
			runOnlyForDeploymentPostprocessing = 0;
		};
		FF8946CF254E0019009D29AA /* Frameworks */ = {
			isa = PBXFrameworksBuildPhase;
			buildActionMask = 2147483647;
			files = (
				87E7285B28185DAB2705D0AB /* Pods_coalayTests.framework in Frameworks */,
			);
			runOnlyForDeploymentPostprocessing = 0;
		};
		FF8946DA254E0019009D29AA /* Frameworks */ = {
			isa = PBXFrameworksBuildPhase;
			buildActionMask = 2147483647;
			files = (
				A92B90B409BC62252625785C /* Pods_coalay_coalayUITests.framework in Frameworks */,
			);
			runOnlyForDeploymentPostprocessing = 0;
		};
/* End PBXFrameworksBuildPhase section */

/* Begin PBXGroup section */
		B3DA7FEB6173CCBDFC9B3BC7 /* Frameworks */ = {
			isa = PBXGroup;
			children = (
				72224B1F98F2AFBC547AFAC6 /* Pods_coalay.framework */,
				8939FAB76147EB4506BA7CE7 /* Pods_coalay_coalayUITests.framework */,
				B82D03B8D15C8B31A2019533 /* Pods_coalayTests.framework */,
			);
			name = Frameworks;
			sourceTree = "<group>";
		};
		DD9B4EC6203D81573652DB5A /* Pods */ = {
			isa = PBXGroup;
			children = (
				A2265535514F101F4DF946CD /* Pods-coalay.debug.xcconfig */,
				F3C9DCAC6902242C9F3351DF /* Pods-coalay.release.xcconfig */,
				B7B419729DF33A1326477DEA /* Pods-coalay-coalayUITests.debug.xcconfig */,
				9260BB2949D7980485F1C72C /* Pods-coalay-coalayUITests.release.xcconfig */,
				46C4EE0B3A777B0B5941D35C /* Pods-coalayTests.debug.xcconfig */,
				A7612A333C34EF7296AA0623 /* Pods-coalayTests.release.xcconfig */,
			);
			path = Pods;
			sourceTree = "<group>";
		};
		FF04814225557E22000FDD68 /* grpc */ = {
			isa = PBXGroup;
			children = (
				FF04814325557E43000FDD68 /* chatgrpc.grpc.swift */,
				FF04814425557E43000FDD68 /* chatgrpc.pb.swift */,
			);
			path = grpc;
			sourceTree = "<group>";
		};
		FF04814D2555A94B000FDD68 /* View */ = {
			isa = PBXGroup;
			children = (
				FF0481642555BE5D000FDD68 /* TransparentWindow.swift */,
				FF04814E2555A963000FDD68 /* Icon.swift */,
				FF0481502555A9AB000FDD68 /* gradation.swift */,
				2E2D855D2555BB4C00E8EE3C /* tool_bar.swift */,
				FF0481562555B4EC000FDD68 /* Home.swift */,
				FF0481582555B524000FDD68 /* HostHome.swift */,
				FF04815C2555B54C000FDD68 /* GestHome.swift */,
				FF0481602555B5B0000FDD68 /* HostStarted.swift */,
				FF0481622555B5BF000FDD68 /* GuestStarted.swift */,
			);
			path = View;
			sourceTree = "<group>";
		};
		FF0481662555C2D5000FDD68 /* Window */ = {
			isa = PBXGroup;
			children = (
				FF0481672555C318000FDD68 /* OpaqueWindow.swift */,
			);
			path = Window;
			sourceTree = "<group>";
		};
		FF8946B4254E0015009D29AA = {
			isa = PBXGroup;
			children = (
				FF8946BF254E0015009D29AA /* coalay */,
				FF8946D5254E0019009D29AA /* coalayTests */,
				FF8946E0254E0019009D29AA /* coalayUITests */,
				FF8946BE254E0015009D29AA /* Products */,
				DD9B4EC6203D81573652DB5A /* Pods */,
				B3DA7FEB6173CCBDFC9B3BC7 /* Frameworks */,
			);
			sourceTree = "<group>";
		};
		FF8946BE254E0015009D29AA /* Products */ = {
			isa = PBXGroup;
			children = (
				FF8946BD254E0015009D29AA /* coalay.app */,
				FF8946D2254E0019009D29AA /* coalayTests.xctest */,
				FF8946DD254E0019009D29AA /* coalayUITests.xctest */,
			);
			name = Products;
			sourceTree = "<group>";
		};
		FF8946BF254E0015009D29AA /* coalay */ = {
			isa = PBXGroup;
			children = (
				FF0481662555C2D5000FDD68 /* Window */,
				FF04814D2555A94B000FDD68 /* View */,
				FF8946C6254E0018009D29AA /* Preview Content */,
				FF04814225557E22000FDD68 /* grpc */,
				FF048149255580B3000FDD68 /* ChatViewModel.swift */,
				FF8946C0254E0015009D29AA /* AppDelegate.swift */,
				FF8946C2254E0015009D29AA /* ContentView.swift */,
				FF04814B2555A6CD000FDD68 /* State.swift */,
				FF8946C4254E0018009D29AA /* Assets.xcassets */,
				FF8946C9254E0018009D29AA /* Main.storyboard */,
				FF8946CC254E0018009D29AA /* Info.plist */,
				FF8946CD254E0018009D29AA /* coalay.entitlements */,
				FF0481692555CB9C000FDD68 /* Setting.swift */,
			);
			path = coalay;
			sourceTree = "<group>";
		};
		FF8946C6254E0018009D29AA /* Preview Content */ = {
			isa = PBXGroup;
			children = (
				FF8946C7254E0018009D29AA /* Preview Assets.xcassets */,
			);
			path = "Preview Content";
			sourceTree = "<group>";
		};
		FF8946D5254E0019009D29AA /* coalayTests */ = {
			isa = PBXGroup;
			children = (
				FF8946D6254E0019009D29AA /* coalayTests.swift */,
				FF8946D8254E0019009D29AA /* Info.plist */,
			);
			path = coalayTests;
			sourceTree = "<group>";
		};
		FF8946E0254E0019009D29AA /* coalayUITests */ = {
			isa = PBXGroup;
			children = (
				FF8946E1254E0019009D29AA /* coalayUITests.swift */,
				FF8946E3254E0019009D29AA /* Info.plist */,
			);
			path = coalayUITests;
			sourceTree = "<group>";
		};
/* End PBXGroup section */

/* Begin PBXNativeTarget section */
		FF8946BC254E0015009D29AA /* coalay */ = {
			isa = PBXNativeTarget;
			buildConfigurationList = FF8946E6254E0019009D29AA /* Build configuration list for PBXNativeTarget "coalay" */;
			buildPhases = (
				EAA5B4428AEA88204D6C2CB4 /* [CP] Check Pods Manifest.lock */,
				FF8946B9254E0015009D29AA /* Sources */,
				FF8946BA254E0015009D29AA /* Frameworks */,
				FF8946BB254E0015009D29AA /* Resources */,
				710712E3B2B2EF5E06CB7BB6 /* [CP] Embed Pods Frameworks */,
			);
			buildRules = (
			);
			dependencies = (
			);
			name = coalay;
			productName = coalay;
			productReference = FF8946BD254E0015009D29AA /* coalay.app */;
			productType = "com.apple.product-type.application";
		};
		FF8946D1254E0019009D29AA /* coalayTests */ = {
			isa = PBXNativeTarget;
			buildConfigurationList = FF8946E9254E0019009D29AA /* Build configuration list for PBXNativeTarget "coalayTests" */;
			buildPhases = (
				2285946E98E485723E76C681 /* [CP] Check Pods Manifest.lock */,
				FF8946CE254E0019009D29AA /* Sources */,
				FF8946CF254E0019009D29AA /* Frameworks */,
				FF8946D0254E0019009D29AA /* Resources */,
			);
			buildRules = (
			);
			dependencies = (
				FF8946D4254E0019009D29AA /* PBXTargetDependency */,
			);
			name = coalayTests;
			productName = coalayTests;
			productReference = FF8946D2254E0019009D29AA /* coalayTests.xctest */;
			productType = "com.apple.product-type.bundle.unit-test";
		};
		FF8946DC254E0019009D29AA /* coalayUITests */ = {
			isa = PBXNativeTarget;
			buildConfigurationList = FF8946EC254E0019009D29AA /* Build configuration list for PBXNativeTarget "coalayUITests" */;
			buildPhases = (
				FD5B7DE64D2CD7EF42E91748 /* [CP] Check Pods Manifest.lock */,
				FF8946D9254E0019009D29AA /* Sources */,
				FF8946DA254E0019009D29AA /* Frameworks */,
				FF8946DB254E0019009D29AA /* Resources */,
				555562D72A3058BC4B5F5268 /* [CP] Embed Pods Frameworks */,
			);
			buildRules = (
			);
			dependencies = (
				FF8946DF254E0019009D29AA /* PBXTargetDependency */,
			);
			name = coalayUITests;
			productName = coalayUITests;
			productReference = FF8946DD254E0019009D29AA /* coalayUITests.xctest */;
			productType = "com.apple.product-type.bundle.ui-testing";
		};
/* End PBXNativeTarget section */

/* Begin PBXProject section */
		FF8946B5254E0015009D29AA /* Project object */ = {
			isa = PBXProject;
			attributes = {
				LastSwiftUpdateCheck = 1150;
				LastUpgradeCheck = 1150;
				ORGANIZATIONNAME = "落合裕也";
				TargetAttributes = {
					FF8946BC254E0015009D29AA = {
						CreatedOnToolsVersion = 11.5;
					};
					FF8946D1254E0019009D29AA = {
						CreatedOnToolsVersion = 11.5;
						TestTargetID = FF8946BC254E0015009D29AA;
					};
					FF8946DC254E0019009D29AA = {
						CreatedOnToolsVersion = 11.5;
						TestTargetID = FF8946BC254E0015009D29AA;
					};
				};
			};
			buildConfigurationList = FF8946B8254E0015009D29AA /* Build configuration list for PBXProject "coalay" */;
			compatibilityVersion = "Xcode 9.3";
			developmentRegion = en;
			hasScannedForEncodings = 0;
			knownRegions = (
				en,
				Base,
			);
			mainGroup = FF8946B4254E0015009D29AA;
			productRefGroup = FF8946BE254E0015009D29AA /* Products */;
			projectDirPath = "";
			projectRoot = "";
			targets = (
				FF8946BC254E0015009D29AA /* coalay */,
				FF8946D1254E0019009D29AA /* coalayTests */,
				FF8946DC254E0019009D29AA /* coalayUITests */,
			);
		};
/* End PBXProject section */

/* Begin PBXResourcesBuildPhase section */
		FF8946BB254E0015009D29AA /* Resources */ = {
			isa = PBXResourcesBuildPhase;
			buildActionMask = 2147483647;
			files = (
				FF8946CB254E0018009D29AA /* Main.storyboard in Resources */,
				FF8946C8254E0018009D29AA /* Preview Assets.xcassets in Resources */,
				FF8946C5254E0018009D29AA /* Assets.xcassets in Resources */,
			);
			runOnlyForDeploymentPostprocessing = 0;
		};
		FF8946D0254E0019009D29AA /* Resources */ = {
			isa = PBXResourcesBuildPhase;
			buildActionMask = 2147483647;
			files = (
			);
			runOnlyForDeploymentPostprocessing = 0;
		};
		FF8946DB254E0019009D29AA /* Resources */ = {
			isa = PBXResourcesBuildPhase;
			buildActionMask = 2147483647;
			files = (
			);
			runOnlyForDeploymentPostprocessing = 0;
		};
/* End PBXResourcesBuildPhase section */

/* Begin PBXShellScriptBuildPhase section */
		2285946E98E485723E76C681 /* [CP] Check Pods Manifest.lock */ = {
			isa = PBXShellScriptBuildPhase;
			buildActionMask = 2147483647;
			files = (
			);
			inputFileListPaths = (
			);
			inputPaths = (
				"${PODS_PODFILE_DIR_PATH}/Podfile.lock",
				"${PODS_ROOT}/Manifest.lock",
			);
			name = "[CP] Check Pods Manifest.lock";
			outputFileListPaths = (
			);
			outputPaths = (
				"$(DERIVED_FILE_DIR)/Pods-coalayTests-checkManifestLockResult.txt",
			);
			runOnlyForDeploymentPostprocessing = 0;
			shellPath = /bin/sh;
			shellScript = "diff \"${PODS_PODFILE_DIR_PATH}/Podfile.lock\" \"${PODS_ROOT}/Manifest.lock\" > /dev/null\nif [ $? != 0 ] ; then\n    # print error to STDERR\n    echo \"error: The sandbox is not in sync with the Podfile.lock. Run 'pod install' or update your CocoaPods installation.\" >&2\n    exit 1\nfi\n# This output is used by Xcode 'outputs' to avoid re-running this script phase.\necho \"SUCCESS\" > \"${SCRIPT_OUTPUT_FILE_0}\"\n";
			showEnvVarsInLog = 0;
		};
		555562D72A3058BC4B5F5268 /* [CP] Embed Pods Frameworks */ = {
			isa = PBXShellScriptBuildPhase;
			buildActionMask = 2147483647;
			files = (
			);
			inputFileListPaths = (
				"${PODS_ROOT}/Target Support Files/Pods-coalay-coalayUITests/Pods-coalay-coalayUITests-frameworks-${CONFIGURATION}-input-files.xcfilelist",
			);
			name = "[CP] Embed Pods Frameworks";
			outputFileListPaths = (
				"${PODS_ROOT}/Target Support Files/Pods-coalay-coalayUITests/Pods-coalay-coalayUITests-frameworks-${CONFIGURATION}-output-files.xcfilelist",
			);
			runOnlyForDeploymentPostprocessing = 0;
			shellPath = /bin/sh;
			shellScript = "\"${PODS_ROOT}/Target Support Files/Pods-coalay-coalayUITests/Pods-coalay-coalayUITests-frameworks.sh\"\n";
			showEnvVarsInLog = 0;
		};
		710712E3B2B2EF5E06CB7BB6 /* [CP] Embed Pods Frameworks */ = {
			isa = PBXShellScriptBuildPhase;
			buildActionMask = 2147483647;
			files = (
			);
			inputFileListPaths = (
				"${PODS_ROOT}/Target Support Files/Pods-coalay/Pods-coalay-frameworks-${CONFIGURATION}-input-files.xcfilelist",
			);
			name = "[CP] Embed Pods Frameworks";
			outputFileListPaths = (
				"${PODS_ROOT}/Target Support Files/Pods-coalay/Pods-coalay-frameworks-${CONFIGURATION}-output-files.xcfilelist",
			);
			runOnlyForDeploymentPostprocessing = 0;
			shellPath = /bin/sh;
			shellScript = "\"${PODS_ROOT}/Target Support Files/Pods-coalay/Pods-coalay-frameworks.sh\"\n";
			showEnvVarsInLog = 0;
		};
		EAA5B4428AEA88204D6C2CB4 /* [CP] Check Pods Manifest.lock */ = {
			isa = PBXShellScriptBuildPhase;
			buildActionMask = 2147483647;
			files = (
			);
			inputFileListPaths = (
			);
			inputPaths = (
				"${PODS_PODFILE_DIR_PATH}/Podfile.lock",
				"${PODS_ROOT}/Manifest.lock",
			);
			name = "[CP] Check Pods Manifest.lock";
			outputFileListPaths = (
			);
			outputPaths = (
				"$(DERIVED_FILE_DIR)/Pods-coalay-checkManifestLockResult.txt",
			);
			runOnlyForDeploymentPostprocessing = 0;
			shellPath = /bin/sh;
			shellScript = "diff \"${PODS_PODFILE_DIR_PATH}/Podfile.lock\" \"${PODS_ROOT}/Manifest.lock\" > /dev/null\nif [ $? != 0 ] ; then\n    # print error to STDERR\n    echo \"error: The sandbox is not in sync with the Podfile.lock. Run 'pod install' or update your CocoaPods installation.\" >&2\n    exit 1\nfi\n# This output is used by Xcode 'outputs' to avoid re-running this script phase.\necho \"SUCCESS\" > \"${SCRIPT_OUTPUT_FILE_0}\"\n";
			showEnvVarsInLog = 0;
		};
		FD5B7DE64D2CD7EF42E91748 /* [CP] Check Pods Manifest.lock */ = {
			isa = PBXShellScriptBuildPhase;
			buildActionMask = 2147483647;
			files = (
			);
			inputFileListPaths = (
			);
			inputPaths = (
				"${PODS_PODFILE_DIR_PATH}/Podfile.lock",
				"${PODS_ROOT}/Manifest.lock",
			);
			name = "[CP] Check Pods Manifest.lock";
			outputFileListPaths = (
			);
			outputPaths = (
				"$(DERIVED_FILE_DIR)/Pods-coalay-coalayUITests-checkManifestLockResult.txt",
			);
			runOnlyForDeploymentPostprocessing = 0;
			shellPath = /bin/sh;
			shellScript = "diff \"${PODS_PODFILE_DIR_PATH}/Podfile.lock\" \"${PODS_ROOT}/Manifest.lock\" > /dev/null\nif [ $? != 0 ] ; then\n    # print error to STDERR\n    echo \"error: The sandbox is not in sync with the Podfile.lock. Run 'pod install' or update your CocoaPods installation.\" >&2\n    exit 1\nfi\n# This output is used by Xcode 'outputs' to avoid re-running this script phase.\necho \"SUCCESS\" > \"${SCRIPT_OUTPUT_FILE_0}\"\n";
			showEnvVarsInLog = 0;
		};
/* End PBXShellScriptBuildPhase section */

/* Begin PBXSourcesBuildPhase section */
		FF8946B9254E0015009D29AA /* Sources */ = {
			isa = PBXSourcesBuildPhase;
			buildActionMask = 2147483647;
			files = (
				FF04814625557E44000FDD68 /* chatgrpc.pb.swift in Sources */,
				FF0481632555B5BF000FDD68 /* GuestStarted.swift in Sources */,
				FF0481612555B5B0000FDD68 /* HostStarted.swift in Sources */,
				FF04814A255580B3000FDD68 /* ChatViewModel.swift in Sources */,
				FF04815D2555B54C000FDD68 /* GestHome.swift in Sources */,
				FF0481512555A9AB000FDD68 /* gradation.swift in Sources */,
				FF04816A2555CB9C000FDD68 /* Setting.swift in Sources */,
				FF04814F2555A963000FDD68 /* Icon.swift in Sources */,
				2E2D855E2555BB4C00E8EE3C /* tool_bar.swift in Sources */,
				FF0481572555B4EC000FDD68 /* Home.swift in Sources */,
				FF0481652555BE5D000FDD68 /* TransparentWindow.swift in Sources */,
				FF0481682555C318000FDD68 /* OpaqueWindow.swift in Sources */,
				FF04814525557E44000FDD68 /* chatgrpc.grpc.swift in Sources */,
				FF0481592555B524000FDD68 /* HostHome.swift in Sources */,
				FF8946C3254E0015009D29AA /* ContentView.swift in Sources */,
				FF8946C1254E0015009D29AA /* AppDelegate.swift in Sources */,
				FF04814C2555A6CD000FDD68 /* State.swift in Sources */,
			);
			runOnlyForDeploymentPostprocessing = 0;
		};
		FF8946CE254E0019009D29AA /* Sources */ = {
			isa = PBXSourcesBuildPhase;
			buildActionMask = 2147483647;
			files = (
				FF8946D7254E0019009D29AA /* coalayTests.swift in Sources */,
			);
			runOnlyForDeploymentPostprocessing = 0;
		};
		FF8946D9254E0019009D29AA /* Sources */ = {
			isa = PBXSourcesBuildPhase;
			buildActionMask = 2147483647;
			files = (
				FF8946E2254E0019009D29AA /* coalayUITests.swift in Sources */,
			);
			runOnlyForDeploymentPostprocessing = 0;
		};
/* End PBXSourcesBuildPhase section */

/* Begin PBXTargetDependency section */
		FF8946D4254E0019009D29AA /* PBXTargetDependency */ = {
			isa = PBXTargetDependency;
			target = FF8946BC254E0015009D29AA /* coalay */;
			targetProxy = FF8946D3254E0019009D29AA /* PBXContainerItemProxy */;
		};
		FF8946DF254E0019009D29AA /* PBXTargetDependency */ = {
			isa = PBXTargetDependency;
			target = FF8946BC254E0015009D29AA /* coalay */;
			targetProxy = FF8946DE254E0019009D29AA /* PBXContainerItemProxy */;
		};
/* End PBXTargetDependency section */

/* Begin PBXVariantGroup section */
		FF8946C9254E0018009D29AA /* Main.storyboard */ = {
			isa = PBXVariantGroup;
			children = (
				FF8946CA254E0018009D29AA /* Base */,
			);
			name = Main.storyboard;
			sourceTree = "<group>";
		};
/* End PBXVariantGroup section */

/* Begin XCBuildConfiguration section */
		FF8946E4254E0019009D29AA /* Debug */ = {
			isa = XCBuildConfiguration;
			buildSettings = {
				ALWAYS_SEARCH_USER_PATHS = NO;
				CLANG_ANALYZER_NONNULL = YES;
				CLANG_ANALYZER_NUMBER_OBJECT_CONVERSION = YES_AGGRESSIVE;
				CLANG_CXX_LANGUAGE_STANDARD = "gnu++14";
				CLANG_CXX_LIBRARY = "libc++";
				CLANG_ENABLE_MODULES = YES;
				CLANG_ENABLE_OBJC_ARC = YES;
				CLANG_ENABLE_OBJC_WEAK = YES;
				CLANG_WARN_BLOCK_CAPTURE_AUTORELEASING = YES;
				CLANG_WARN_BOOL_CONVERSION = YES;
				CLANG_WARN_COMMA = YES;
				CLANG_WARN_CONSTANT_CONVERSION = YES;
				CLANG_WARN_DEPRECATED_OBJC_IMPLEMENTATIONS = YES;
				CLANG_WARN_DIRECT_OBJC_ISA_USAGE = YES_ERROR;
				CLANG_WARN_DOCUMENTATION_COMMENTS = YES;
				CLANG_WARN_EMPTY_BODY = YES;
				CLANG_WARN_ENUM_CONVERSION = YES;
				CLANG_WARN_INFINITE_RECURSION = YES;
				CLANG_WARN_INT_CONVERSION = YES;
				CLANG_WARN_NON_LITERAL_NULL_CONVERSION = YES;
				CLANG_WARN_OBJC_IMPLICIT_RETAIN_SELF = YES;
				CLANG_WARN_OBJC_LITERAL_CONVERSION = YES;
				CLANG_WARN_OBJC_ROOT_CLASS = YES_ERROR;
				CLANG_WARN_RANGE_LOOP_ANALYSIS = YES;
				CLANG_WARN_STRICT_PROTOTYPES = YES;
				CLANG_WARN_SUSPICIOUS_MOVE = YES;
				CLANG_WARN_UNGUARDED_AVAILABILITY = YES_AGGRESSIVE;
				CLANG_WARN_UNREACHABLE_CODE = YES;
				CLANG_WARN__DUPLICATE_METHOD_MATCH = YES;
				COPY_PHASE_STRIP = NO;
				DEBUG_INFORMATION_FORMAT = dwarf;
				ENABLE_STRICT_OBJC_MSGSEND = YES;
				ENABLE_TESTABILITY = YES;
				GCC_C_LANGUAGE_STANDARD = gnu11;
				GCC_DYNAMIC_NO_PIC = NO;
				GCC_NO_COMMON_BLOCKS = YES;
				GCC_OPTIMIZATION_LEVEL = 0;
				GCC_PREPROCESSOR_DEFINITIONS = (
					"DEBUG=1",
					"$(inherited)",
				);
				GCC_WARN_64_TO_32_BIT_CONVERSION = YES;
				GCC_WARN_ABOUT_RETURN_TYPE = YES_ERROR;
				GCC_WARN_UNDECLARED_SELECTOR = YES;
				GCC_WARN_UNINITIALIZED_AUTOS = YES_AGGRESSIVE;
				GCC_WARN_UNUSED_FUNCTION = YES;
				GCC_WARN_UNUSED_VARIABLE = YES;
				MACOSX_DEPLOYMENT_TARGET = 10.15;
				MTL_ENABLE_DEBUG_INFO = INCLUDE_SOURCE;
				MTL_FAST_MATH = YES;
				ONLY_ACTIVE_ARCH = YES;
				SDKROOT = macosx;
				SWIFT_ACTIVE_COMPILATION_CONDITIONS = DEBUG;
				SWIFT_OPTIMIZATION_LEVEL = "-Onone";
			};
			name = Debug;
		};
		FF8946E5254E0019009D29AA /* Release */ = {
			isa = XCBuildConfiguration;
			buildSettings = {
				ALWAYS_SEARCH_USER_PATHS = NO;
				CLANG_ANALYZER_NONNULL = YES;
				CLANG_ANALYZER_NUMBER_OBJECT_CONVERSION = YES_AGGRESSIVE;
				CLANG_CXX_LANGUAGE_STANDARD = "gnu++14";
				CLANG_CXX_LIBRARY = "libc++";
				CLANG_ENABLE_MODULES = YES;
				CLANG_ENABLE_OBJC_ARC = YES;
				CLANG_ENABLE_OBJC_WEAK = YES;
				CLANG_WARN_BLOCK_CAPTURE_AUTORELEASING = YES;
				CLANG_WARN_BOOL_CONVERSION = YES;
				CLANG_WARN_COMMA = YES;
				CLANG_WARN_CONSTANT_CONVERSION = YES;
				CLANG_WARN_DEPRECATED_OBJC_IMPLEMENTATIONS = YES;
				CLANG_WARN_DIRECT_OBJC_ISA_USAGE = YES_ERROR;
				CLANG_WARN_DOCUMENTATION_COMMENTS = YES;
				CLANG_WARN_EMPTY_BODY = YES;
				CLANG_WARN_ENUM_CONVERSION = YES;
				CLANG_WARN_INFINITE_RECURSION = YES;
				CLANG_WARN_INT_CONVERSION = YES;
				CLANG_WARN_NON_LITERAL_NULL_CONVERSION = YES;
				CLANG_WARN_OBJC_IMPLICIT_RETAIN_SELF = YES;
				CLANG_WARN_OBJC_LITERAL_CONVERSION = YES;
				CLANG_WARN_OBJC_ROOT_CLASS = YES_ERROR;
				CLANG_WARN_RANGE_LOOP_ANALYSIS = YES;
				CLANG_WARN_STRICT_PROTOTYPES = YES;
				CLANG_WARN_SUSPICIOUS_MOVE = YES;
				CLANG_WARN_UNGUARDED_AVAILABILITY = YES_AGGRESSIVE;
				CLANG_WARN_UNREACHABLE_CODE = YES;
				CLANG_WARN__DUPLICATE_METHOD_MATCH = YES;
				COPY_PHASE_STRIP = NO;
				DEBUG_INFORMATION_FORMAT = "dwarf-with-dsym";
				ENABLE_NS_ASSERTIONS = NO;
				ENABLE_STRICT_OBJC_MSGSEND = YES;
				GCC_C_LANGUAGE_STANDARD = gnu11;
				GCC_NO_COMMON_BLOCKS = YES;
				GCC_WARN_64_TO_32_BIT_CONVERSION = YES;
				GCC_WARN_ABOUT_RETURN_TYPE = YES_ERROR;
				GCC_WARN_UNDECLARED_SELECTOR = YES;
				GCC_WARN_UNINITIALIZED_AUTOS = YES_AGGRESSIVE;
				GCC_WARN_UNUSED_FUNCTION = YES;
				GCC_WARN_UNUSED_VARIABLE = YES;
				MACOSX_DEPLOYMENT_TARGET = 10.15;
				MTL_ENABLE_DEBUG_INFO = NO;
				MTL_FAST_MATH = YES;
				SDKROOT = macosx;
				SWIFT_COMPILATION_MODE = wholemodule;
				SWIFT_OPTIMIZATION_LEVEL = "-O";
			};
			name = Release;
		};
		FF8946E7254E0019009D29AA /* Debug */ = {
			isa = XCBuildConfiguration;
			baseConfigurationReference = A2265535514F101F4DF946CD /* Pods-coalay.debug.xcconfig */;
			buildSettings = {
				ASSETCATALOG_COMPILER_APPICON_NAME = AppIcon;
				CODE_SIGN_ENTITLEMENTS = coalay/coalay.entitlements;
				CODE_SIGN_STYLE = Automatic;
				COMBINE_HIDPI_IMAGES = YES;
				DEVELOPMENT_ASSET_PATHS = "\"coalay/Preview Content\"";
				DEVELOPMENT_TEAM = T2J8JJ57MM;
				ENABLE_HARDENED_RUNTIME = YES;
				ENABLE_PREVIEWS = YES;
				INFOPLIST_FILE = coalay/Info.plist;
				LD_RUNPATH_SEARCH_PATHS = (
					"$(inherited)",
					"@executable_path/../Frameworks",
				);
				MACOSX_DEPLOYMENT_TARGET = 10.15;
				PRODUCT_BUNDLE_IDENTIFIER = com.ochiyu.coalay.coalay;
				PRODUCT_NAME = "$(TARGET_NAME)";
				SWIFT_VERSION = 5.0;
			};
			name = Debug;
		};
		FF8946E8254E0019009D29AA /* Release */ = {
			isa = XCBuildConfiguration;
			baseConfigurationReference = F3C9DCAC6902242C9F3351DF /* Pods-coalay.release.xcconfig */;
			buildSettings = {
				ASSETCATALOG_COMPILER_APPICON_NAME = AppIcon;
				CODE_SIGN_ENTITLEMENTS = coalay/coalay.entitlements;
				CODE_SIGN_STYLE = Automatic;
				COMBINE_HIDPI_IMAGES = YES;
				DEVELOPMENT_ASSET_PATHS = "\"coalay/Preview Content\"";
				DEVELOPMENT_TEAM = T2J8JJ57MM;
				ENABLE_HARDENED_RUNTIME = YES;
				ENABLE_PREVIEWS = YES;
				INFOPLIST_FILE = coalay/Info.plist;
				LD_RUNPATH_SEARCH_PATHS = (
					"$(inherited)",
					"@executable_path/../Frameworks",
				);
				MACOSX_DEPLOYMENT_TARGET = 10.15;
				PRODUCT_BUNDLE_IDENTIFIER = com.ochiyu.coalay.coalay;
				PRODUCT_NAME = "$(TARGET_NAME)";
				SWIFT_VERSION = 5.0;
			};
			name = Release;
		};
		FF8946EA254E0019009D29AA /* Debug */ = {
			isa = XCBuildConfiguration;
			baseConfigurationReference = 46C4EE0B3A777B0B5941D35C /* Pods-coalayTests.debug.xcconfig */;
			buildSettings = {
				ALWAYS_EMBED_SWIFT_STANDARD_LIBRARIES = YES;
				BUNDLE_LOADER = "$(TEST_HOST)";
				CODE_SIGN_STYLE = Automatic;
				COMBINE_HIDPI_IMAGES = YES;
				DEVELOPMENT_TEAM = THU24LT969;
				INFOPLIST_FILE = coalayTests/Info.plist;
				LD_RUNPATH_SEARCH_PATHS = (
					"$(inherited)",
					"@executable_path/../Frameworks",
					"@loader_path/../Frameworks",
				);
				MACOSX_DEPLOYMENT_TARGET = 10.15;
				PRODUCT_BUNDLE_IDENTIFIER = com.ochiyu.coalay.coalayTests;
				PRODUCT_NAME = "$(TARGET_NAME)";
				SWIFT_VERSION = 5.0;
				TEST_HOST = "$(BUILT_PRODUCTS_DIR)/coalay.app/Contents/MacOS/coalay";
			};
			name = Debug;
		};
		FF8946EB254E0019009D29AA /* Release */ = {
			isa = XCBuildConfiguration;
			baseConfigurationReference = A7612A333C34EF7296AA0623 /* Pods-coalayTests.release.xcconfig */;
			buildSettings = {
				ALWAYS_EMBED_SWIFT_STANDARD_LIBRARIES = YES;
				BUNDLE_LOADER = "$(TEST_HOST)";
				CODE_SIGN_STYLE = Automatic;
				COMBINE_HIDPI_IMAGES = YES;
				DEVELOPMENT_TEAM = THU24LT969;
				INFOPLIST_FILE = coalayTests/Info.plist;
				LD_RUNPATH_SEARCH_PATHS = (
					"$(inherited)",
					"@executable_path/../Frameworks",
					"@loader_path/../Frameworks",
				);
				MACOSX_DEPLOYMENT_TARGET = 10.15;
				PRODUCT_BUNDLE_IDENTIFIER = com.ochiyu.coalay.coalayTests;
				PRODUCT_NAME = "$(TARGET_NAME)";
				SWIFT_VERSION = 5.0;
				TEST_HOST = "$(BUILT_PRODUCTS_DIR)/coalay.app/Contents/MacOS/coalay";
			};
			name = Release;
		};
		FF8946ED254E0019009D29AA /* Debug */ = {
			isa = XCBuildConfiguration;
			baseConfigurationReference = B7B419729DF33A1326477DEA /* Pods-coalay-coalayUITests.debug.xcconfig */;
			buildSettings = {
				ALWAYS_EMBED_SWIFT_STANDARD_LIBRARIES = YES;
				CODE_SIGN_STYLE = Automatic;
				COMBINE_HIDPI_IMAGES = YES;
				DEVELOPMENT_TEAM = THU24LT969;
				INFOPLIST_FILE = coalayUITests/Info.plist;
				LD_RUNPATH_SEARCH_PATHS = (
					"$(inherited)",
					"@executable_path/../Frameworks",
					"@loader_path/../Frameworks",
				);
				PRODUCT_BUNDLE_IDENTIFIER = com.ochiyu.coalay.coalayUITests;
				PRODUCT_NAME = "$(TARGET_NAME)";
				SWIFT_VERSION = 5.0;
				TEST_TARGET_NAME = coalay;
			};
			name = Debug;
		};
		FF8946EE254E0019009D29AA /* Release */ = {
			isa = XCBuildConfiguration;
			baseConfigurationReference = 9260BB2949D7980485F1C72C /* Pods-coalay-coalayUITests.release.xcconfig */;
			buildSettings = {
				ALWAYS_EMBED_SWIFT_STANDARD_LIBRARIES = YES;
				CODE_SIGN_STYLE = Automatic;
				COMBINE_HIDPI_IMAGES = YES;
				DEVELOPMENT_TEAM = THU24LT969;
				INFOPLIST_FILE = coalayUITests/Info.plist;
				LD_RUNPATH_SEARCH_PATHS = (
					"$(inherited)",
					"@executable_path/../Frameworks",
					"@loader_path/../Frameworks",
				);
				PRODUCT_BUNDLE_IDENTIFIER = com.ochiyu.coalay.coalayUITests;
				PRODUCT_NAME = "$(TARGET_NAME)";
				SWIFT_VERSION = 5.0;
				TEST_TARGET_NAME = coalay;
			};
			name = Release;
		};
/* End XCBuildConfiguration section */

/* Begin XCConfigurationList section */
		FF8946B8254E0015009D29AA /* Build configuration list for PBXProject "coalay" */ = {
			isa = XCConfigurationList;
			buildConfigurations = (
				FF8946E4254E0019009D29AA /* Debug */,
				FF8946E5254E0019009D29AA /* Release */,
			);
			defaultConfigurationIsVisible = 0;
			defaultConfigurationName = Release;
		};
		FF8946E6254E0019009D29AA /* Build configuration list for PBXNativeTarget "coalay" */ = {
			isa = XCConfigurationList;
			buildConfigurations = (
				FF8946E7254E0019009D29AA /* Debug */,
				FF8946E8254E0019009D29AA /* Release */,
			);
			defaultConfigurationIsVisible = 0;
			defaultConfigurationName = Release;
		};
		FF8946E9254E0019009D29AA /* Build configuration list for PBXNativeTarget "coalayTests" */ = {
			isa = XCConfigurationList;
			buildConfigurations = (
				FF8946EA254E0019009D29AA /* Debug */,
				FF8946EB254E0019009D29AA /* Release */,
			);
			defaultConfigurationIsVisible = 0;
			defaultConfigurationName = Release;
		};
		FF8946EC254E0019009D29AA /* Build configuration list for PBXNativeTarget "coalayUITests" */ = {
			isa = XCConfigurationList;
			buildConfigurations = (
				FF8946ED254E0019009D29AA /* Debug */,
				FF8946EE254E0019009D29AA /* Release */,
			);
			defaultConfigurationIsVisible = 0;
			defaultConfigurationName = Release;
		};
/* End XCConfigurationList section */
	};
	rootObject = FF8946B5254E0015009D29AA /* Project object */;
}
